
Microsoft Visual Studio Solution File, Format Version 12.00
# Visual Studio Version 17
VisualStudioVersion = 17.0.31903.59
MinimumVisualStudioVersion = 10.0.40219.1
Project("{2150E333-8FDC-42A3-9474-1A3956D46DE8}") = "tests", "tests", "{9693042E-941F-4EFE-8A61-4029729186A4}"
EndProject
Project("{FAE04EC0-301F-11D3-BF4B-00C04F79EFBC}") = "CheckDb", "tests\CheckDb\CheckDb.csproj", "{338FE56C-61ED-40FC-B3FC-E0F016ECB8D2}"
EndProject
Project("{FAE04EC0-301F-11D3-BF4B-00C04F79EFBC}") = "VaultImportTestRunner", "tests\VaultImportTestRunner\VaultImportTestRunner.csproj", "{2BE0383A-61CE-4975-938E-53CFBD9EF033}"
EndProject
Project("{2150E333-8FDC-42A3-9474-1A3956D46DE8}") = "src", "src", "{1BD2D541-167F-4ADC-96BD-CB97563B0B07}"
EndProject
Project("{FAE04EC0-301F-11D3-BF4B-00C04F79EFBC}") = "HelloID.Vault.Core", "src\HelloID.Vault.Core\HelloID.Vault.Core.csproj", "{F28B40CD-AB2F-472C-9DA4-A88BD6BD35C5}"
EndProject
Project("{FAE04EC0-301F-11D3-BF4B-00C04F79EFBC}") = "HelloID.Vault.Data", "src\HelloID.Vault.Data\HelloID.Vault.Data.csproj", "{F1F6EACB-7F69-47CF-8677-52BEB5F6D7B1}"
EndProject
Project("{FAE04EC0-301F-11D3-BF4B-00C04F79EFBC}") = "HelloID.Vault.Services", "src\HelloID.Vault.Services\HelloID.Vault.Services.csproj", "{BB8BA925-9F8B-45FD-ADD9-339E6F2F3919}"
EndProject
Project("{FAE04EC0-301F-11D3-BF4B-00C04F79EFBC}") = "HelloID.Vault.Tests.Turso", "tests\HelloID.Vault.Tests.Turso\HelloID.Vault.Tests.Turso.csproj", "{B435B28E-7BD3-4C84-9118-9CB814467BB9}"
EndProject
Project("{FAE04EC0-301F-11D3-BF4B-00C04F79EFBC}") = "HelloID.Vault.Tests.Unit", "tests\HelloID.Vault.Tests.Unit\HelloID.Vault.Tests.Unit.csproj", "{3AF3165C-1CD6-444F-AD71-78D21233B46E}"
EndProject
Global
	GlobalSection(SolutionConfigurationPlatforms) = preSolution
		Debug|Any CPU = Debug|Any CPU
		Release|Any CPU = Release|Any CPU
	EndGlobalSection
	GlobalSection(SolutionProperties) = preSolution
		HideSolutionNode = FALSE
	EndGlobalSection
	GlobalSection(ProjectConfigurationPlatforms) = postSolution
		{338FE56C-61ED-40FC-B3FC-E0F016ECB8D2}.Debug|Any CPU.ActiveCfg = Debug|Any CPU
		{338FE56C-61ED-40FC-B3FC-E0F016ECB8D2}.Debug|Any CPU.Build.0 = Debug|Any CPU
		{338FE56C-61ED-40FC-B3FC-E0F016ECB8D2}.Release|Any CPU.ActiveCfg = Release|Any CPU
		{338FE56C-61ED-40FC-B3FC-E0F016ECB8D2}.Release|Any CPU.Build.0 = Release|Any CPU
		{2BE0383A-61CE-4975-938E-53CFBD9EF033}.Debug|Any CPU.ActiveCfg = Debug|Any CPU
		{2BE0383A-61CE-4975-938E-53CFBD9EF033}.Debug|Any CPU.Build.0 = Debug|Any CPU
		{2BE0383A-61CE-4975-938E-53CFBD9EF033}.Release|Any CPU.ActiveCfg = Release|Any CPU
		{2BE0383A-61CE-4975-938E-53CFBD9EF033}.Release|Any CPU.Build.0 = Release|Any CPU
		{F28B40CD-AB2F-472C-9DA4-A88BD6BD35C5}.Debug|Any CPU.ActiveCfg = Debug|Any CPU
		{F28B40CD-AB2F-472C-9DA4-A88BD6BD35C5}.Debug|Any CPU.Build.0 = Debug|Any CPU
		{F28B40CD-AB2F-472C-9DA4-A88BD6BD35C5}.Release|Any CPU.ActiveCfg = Release|Any CPU
		{F28B40CD-AB2F-472C-9DA4-A88BD6BD35C5}.Release|Any CPU.Build.0 = Release|Any CPU
		{F1F6EACB-7F69-47CF-8677-52BEB5F6D7B1}.Debug|Any CPU.ActiveCfg = Debug|Any CPU
		{F1F6EACB-7F69-47CF-8677-52BEB5F6D7B1}.Debug|Any CPU.Build.0 = Debug|Any CPU
		{F1F6EACB-7F69-47CF-8677-52BEB5F6D7B1}.Release|Any CPU.ActiveCfg = Release|Any CPU
		{F1F6EACB-7F69-47CF-8677-52BEB5F6D7B1}.Release|Any CPU.Build.0 = Release|Any CPU
		{BB8BA925-9F8B-45FD-ADD9-339E6F2F3919}.Debug|Any CPU.ActiveCfg = Debug|Any CPU
		{BB8BA925-9F8B-45FD-ADD9-339E6F2F3919}.Debug|Any CPU.Build.0 = Debug|Any CPU
		{BB8BA925-9F8B-45FD-ADD9-339E6F2F3919}.Release|Any CPU.ActiveCfg = Release|Any CPU
		{BB8BA925-9F8B-45FD-ADD9-339E6F2F3919}.Release|Any CPU.Build.0 = Release|Any CPU
		{B435B28E-7BD3-4C84-9118-9CB814467BB9}.Debug|Any CPU.ActiveCfg = Debug|Any CPU
		{B435B28E-7BD3-4C84-9118-9CB814467BB9}.Debug|Any CPU.Build.0 = Debug|Any CPU
		{B435B28E-7BD3-4C84-9118-9CB814467BB9}.Release|Any CPU.ActiveCfg = Release|Any CPU
		{B435B28E-7BD3-4C84-9118-9CB814467BB9}.Release|Any CPU.Build.0 = Release|Any CPU
		{3AF3165C-1CD6-444F-AD71-78D21233B46E}.Debug|Any CPU.ActiveCfg = Debug|Any CPU
		{3AF3165C-1CD6-444F-AD71-78D21233B46E}.Debug|Any CPU.Build.0 = Debug|Any CPU
		{3AF3165C-1CD6-444F-AD71-78D21233B46E}.Release|Any CPU.ActiveCfg = Release|Any CPU
		{3AF3165C-1CD6-444F-AD71-78D21233B46E}.Release|Any CPU.Build.0 = Release|Any CPU
	EndGlobalSection
	GlobalSection(NestedProjects) = preSolution
		{338FE56C-61ED-40FC-B3FC-E0F016ECB8D2} = {9693042E-941F-4EFE-8A61-4029729186A4}
		{2BE0383A-61CE-4975-938E-53CFBD9EF033} = {9693042E-941F-4EFE-8A61-4029729186A4}
		{F28B40CD-AB2F-472C-9DA4-A88BD6BD35C5} = {1BD2D541-167F-4ADC-96BD-CB97563B0B07}
		{F1F6EACB-7F69-47CF-8677-52BEB5F6D7B1} = {1BD2D541-167F-4ADC-96BD-CB97563B0B07}
		{BB8BA925-9F8B-45FD-ADD9-339E6F2F3919} = {1BD2D541-167F-4ADC-96BD-CB97563B0B07}
		{B435B28E-7BD3-4C84-9118-9CB814467BB9} = {9693042E-941F-4EFE-8A61-4029729186A4}
		{3AF3165C-1CD6-444F-AD71-78D21233B46E} = {9693042E-941F-4EFE-8A61-4029729186A4}
	EndGlobalSection
EndGlobal
