
Microsoft Visual Studio Solution File, Format Version 12.00
# Visual Studio Version 17
VisualStudioVersion = 17.0.31903.59
MinimumVisualStudioVersion = 10.0.40219.1
Project("{2150E333-8FDC-42A3-9474-1A3956D46DE8}") = "src", "src", "{827E0CD3-B72D-47B6-A68D-7590B98EB39B}"
EndProject
Project("{FAE04EC0-301F-11D3-BF4B-00C04F79EFBC}") = "HelloID.Vault.Core", "src\HelloID.Vault.Core\HelloID.Vault.Core.csproj", "{5BEF39E0-1B82-402B-A765-B018DFF63121}"
EndProject
Project("{FAE04EC0-301F-11D3-BF4B-00C04F79EFBC}") = "HelloID.Vault.Data", "src\HelloID.Vault.Data\HelloID.Vault.Data.csproj", "{FED20EEF-582D-4C0F-A6F8-960826F02F58}"
EndProject
Project("{FAE04EC0-301F-11D3-BF4B-00C04F79EFBC}") = "HelloID.Vault.Services", "src\HelloID.Vault.Services\HelloID.Vault.Services.csproj", "{3B62D43E-6A6E-4579-ACE3-0D999E6E1254}"
EndProject
Project("{FAE04EC0-301F-11D3-BF4B-00C04F79EFBC}") = "HelloID.Vault.Management", "src\HelloID.Vault.Management\HelloID.Vault.Management.csproj", "{0AF52130-B216-4BD9-A79A-6A7C402B7AD1}"
EndProject
Global
	GlobalSection(SolutionConfigurationPlatforms) = preSolution
		Debug|x64 = Debug|x64
		Release|x64 = Release|x64
	EndGlobalSection
	GlobalSection(ProjectConfigurationPlatforms) = postSolution
		{5BEF39E0-1B82-402B-A765-B018DFF63121}.Debug|x64.ActiveCfg = Debug|x64
		{5BEF39E0-1B82-402B-A765-B018DFF63121}.Debug|x64.Build.0 = Debug|x64
		{5BEF39E0-1B82-402B-A765-B018DFF63121}.Release|x64.ActiveCfg = Release|x64
		{5BEF39E0-1B82-402B-A765-B018DFF63121}.Release|x64.Build.0 = Release|x64
		{FED20EEF-582D-4C0F-A6F8-960826F02F58}.Debug|x64.ActiveCfg = Debug|x64
		{FED20EEF-582D-4C0F-A6F8-960826F02F58}.Debug|x64.Build.0 = Debug|x64
		{FED20EEF-582D-4C0F-A6F8-960826F02F58}.Release|x64.ActiveCfg = Release|x64
		{FED20EEF-582D-4C0F-A6F8-960826F02F58}.Release|x64.Build.0 = Release|x64
		{3B62D43E-6A6E-4579-ACE3-0D999E6E1254}.Debug|x64.ActiveCfg = Debug|x64
		{3B62D43E-6A6E-4579-ACE3-0D999E6E1254}.Debug|x64.Build.0 = Debug|x64
		{3B62D43E-6A6E-4579-ACE3-0D999E6E1254}.Release|x64.ActiveCfg = Release|x64
		{3B62D43E-6A6E-4579-ACE3-0D999E6E1254}.Release|x64.Build.0 = Release|x64
		{0AF52130-B216-4BD9-A79A-6A7C402B7AD1}.Debug|x64.ActiveCfg = Debug|x64
		{0AF52130-B216-4BD9-A79A-6A7C402B7AD1}.Debug|x64.Build.0 = Debug|x64
		{0AF52130-B216-4BD9-A79A-6A7C402B7AD1}.Release|x64.ActiveCfg = Release|x64
		{0AF52130-B216-4BD9-A79A-6A7C402B7AD1}.Release|x64.Build.0 = Release|x64
	EndGlobalSection
	GlobalSection(SolutionProperties) = preSolution
		HideSolutionNode = FALSE
	EndGlobalSection
	GlobalSection(ExtensibilityGlobals) = postSolution
		SolutionGuid = {A1B2C3D4-E5F6-4A5B-8C9D-0E1F2A3B4C5D}
	EndGlobalSection
	GlobalSection(NestedProjects) = preSolution
		{5BEF39E0-1B82-402B-A765-B018DFF63121} = {827E0CD3-B72D-47B6-A68D-7590B98EB39B}
		{FED20EEF-582D-4C0F-A6F8-960826F02F58} = {827E0CD3-B72D-47B6-A68D-7590B98EB39B}
		{3B62D43E-6A6E-4579-ACE3-0D999E6E1254} = {827E0CD3-B72D-47B6-A68D-7590B98EB39B}
		{0AF52130-B216-4BD9-A79A-6A7C402B7AD1} = {827E0CD3-B72D-47B6-A68D-7590B98EB39B}
	EndGlobalSection
EndGlobal
